
Microsoft Visual Studio Solution File, Format Version 12.00
# Visual Studio Version 17
VisualStudioVersion = 17.9.34616.47
MinimumVisualStudioVersion = 10.0.40219.1
Project("{888888A0-9F3D-457C-B088-3A5042F75D52}") = "mathmodel_4", "mathmodel_4\mathmodel_4.pyproj", "{14151B9D-BAE6-41C2-8235-64892CBC9E6C}"
EndProject
Global
	GlobalSection(SolutionConfigurationPlatforms) = preSolution
		Debug|Any CPU = Debug|Any CPU
		Release|Any CPU = Release|Any CPU
	EndGlobalSection
	GlobalSection(ProjectConfigurationPlatforms) = postSolution
		{14151B9D-BAE6-41C2-8235-64892CBC9E6C}.Debug|Any CPU.ActiveCfg = Debug|Any CPU
		{14151B9D-BAE6-41C2-8235-64892CBC9E6C}.Release|Any CPU.ActiveCfg = Release|Any CPU
	EndGlobalSection
	GlobalSection(SolutionProperties) = preSolution
		HideSolutionNode = FALSE
	EndGlobalSection
	GlobalSection(ExtensibilityGlobals) = postSolution
		SolutionGuid = {FA27D9FC-EFB7-4853-A0C5-2DBA89113FA1}
	EndGlobalSection
EndGlobal
