
Microsoft Visual Studio Solution File, Format Version 12.00
# Visual Studio Version 17
VisualStudioVersion = 17.9.34616.47
MinimumVisualStudioVersion = 10.0.40219.1
Project("{888888A0-9F3D-457C-B088-3A5042F75D52}") = "mathmodel_3", "mathmodel_3\mathmodel_3.pyproj", "{E2DEA6D3-D641-4001-AF74-A9FF213B5A7E}"
EndProject
Global
	GlobalSection(SolutionConfigurationPlatforms) = preSolution
		Debug|Any CPU = Debug|Any CPU
		Release|Any CPU = Release|Any CPU
	EndGlobalSection
	GlobalSection(ProjectConfigurationPlatforms) = postSolution
		{E2DEA6D3-D641-4001-AF74-A9FF213B5A7E}.Debug|Any CPU.ActiveCfg = Debug|Any CPU
		{E2DEA6D3-D641-4001-AF74-A9FF213B5A7E}.Release|Any CPU.ActiveCfg = Release|Any CPU
	EndGlobalSection
	GlobalSection(SolutionProperties) = preSolution
		HideSolutionNode = FALSE
	EndGlobalSection
	GlobalSection(ExtensibilityGlobals) = postSolution
		SolutionGuid = {DAF08756-336F-4394-9B60-1183C50F7144}
	EndGlobalSection
EndGlobal
